
Microsoft Visual Studio Solution File, Format Version 12.00
# Visual Studio Version 17
VisualStudioVersion = 17.5.002.0
MinimumVisualStudioVersion = 10.0.40219.1
Project("{9A19103F-16F7-4668-BE54-9A1E7A4F7556}") = "ModuloAPI", "ModuloAPI.csproj", "{7406E67D-E537-455F-AA02-12F075224AED}"
EndProject
Global
	GlobalSection(SolutionConfigurationPlatforms) = preSolution
		Debug|Any CPU = Debug|Any CPU
		Release|Any CPU = Release|Any CPU
	EndGlobalSection
	GlobalSection(ProjectConfigurationPlatforms) = postSolution
		{7406E67D-E537-455F-AA02-12F075224AED}.Debug|Any CPU.ActiveCfg = Debug|Any CPU
		{7406E67D-E537-455F-AA02-12F075224AED}.Debug|Any CPU.Build.0 = Debug|Any CPU
		{7406E67D-E537-455F-AA02-12F075224AED}.Release|Any CPU.ActiveCfg = Release|Any CPU
		{7406E67D-E537-455F-AA02-12F075224AED}.Release|Any CPU.Build.0 = Release|Any CPU
	EndGlobalSection
	GlobalSection(SolutionProperties) = preSolution
		HideSolutionNode = FALSE
	EndGlobalSection
	GlobalSection(ExtensibilityGlobals) = postSolution
		SolutionGuid = {0BD1C021-3B85-4A35-B605-98F6E4B49583}
	EndGlobalSection
EndGlobal
